%{"dns": {:hex, :dns, "0.0.4", "2e347a0a03e8345bc70c6d69ed08788103a3bec81b93e4636b1b432110835436", [:mix], [{:socket, "~> 0.3.5", [hex: :socket, optional: false]}]},
  "earmark": {:hex, :earmark, "1.0.1", "2c2cd903bfdc3de3f189bd9a8d4569a075b88a8981ded9a0d95672f6e2b63141", [:mix], []},
  "ex_doc": {:hex, :ex_doc, "0.13.0", "aa2f8fe4c6136a2f7cfc0a7e06805f82530e91df00e2bff4b4362002b43ada65", [:mix], [{:earmark, "~> 1.0", [hex: :earmark, optional: false]}]},
  "socket": {:hex, :socket, "0.3.5", "6c23772e7eda60f129f36dd69a61930aab18ae9b8d74d7f767c85355cf0b585d", [:mix], []}}
